
Microsoft Visual Studio Solution File, Format Version 12.00
# Visual Studio Version 16
VisualStudioVersion = 16.0.33027.164
MinimumVisualStudioVersion = 10.0.40219.1
Project("{FAE04EC0-301F-11D3-BF4B-00C04F79EFBC}") = "lab4ex3", "lab4ex3\lab4ex3.csproj", "{4DF7CD09-769E-4A0D-875E-DE7541D1CC10}"
EndProject
Global
	GlobalSection(SolutionConfigurationPlatforms) = preSolution
		Debug|Any CPU = Debug|Any CPU
		Release|Any CPU = Release|Any CPU
	EndGlobalSection
	GlobalSection(ProjectConfigurationPlatforms) = postSolution
		{4DF7CD09-769E-4A0D-875E-DE7541D1CC10}.Debug|Any CPU.ActiveCfg = Debug|Any CPU
		{4DF7CD09-769E-4A0D-875E-DE7541D1CC10}.Debug|Any CPU.Build.0 = Debug|Any CPU
		{4DF7CD09-769E-4A0D-875E-DE7541D1CC10}.Release|Any CPU.ActiveCfg = Release|Any CPU
		{4DF7CD09-769E-4A0D-875E-DE7541D1CC10}.Release|Any CPU.Build.0 = Release|Any CPU
	EndGlobalSection
	GlobalSection(SolutionProperties) = preSolution
		HideSolutionNode = FALSE
	EndGlobalSection
	GlobalSection(ExtensibilityGlobals) = postSolution
		SolutionGuid = {E0B9F2BD-6335-4C27-8406-8FE128D65FFD}
	EndGlobalSection
EndGlobal
